
Microsoft Visual Studio Solution File, Format Version 12.00
# Visual Studio Version 16
VisualStudioVersion = 16.0.30804.86
MinimumVisualStudioVersion = 10.0.40219.1
Project("{FAE04EC0-301F-11D3-BF4B-00C04F79EFBC}") = "MINIPROJECT91", "MINIPROJECT91.csproj", "{24669CDB-CA40-4C42-AE55-FDCA8D57F560}"
EndProject
Global
	GlobalSection(SolutionConfigurationPlatforms) = preSolution
		Debug|Any CPU = Debug|Any CPU
		Release|Any CPU = Release|Any CPU
	EndGlobalSection
	GlobalSection(ProjectConfigurationPlatforms) = postSolution
		{24669CDB-CA40-4C42-AE55-FDCA8D57F560}.Debug|Any CPU.ActiveCfg = Debug|Any CPU
		{24669CDB-CA40-4C42-AE55-FDCA8D57F560}.Debug|Any CPU.Build.0 = Debug|Any CPU
		{24669CDB-CA40-4C42-AE55-FDCA8D57F560}.Release|Any CPU.ActiveCfg = Release|Any CPU
		{24669CDB-CA40-4C42-AE55-FDCA8D57F560}.Release|Any CPU.Build.0 = Release|Any CPU
	EndGlobalSection
	GlobalSection(SolutionProperties) = preSolution
		HideSolutionNode = FALSE
	EndGlobalSection
	GlobalSection(ExtensibilityGlobals) = postSolution
		SolutionGuid = {EAA3C664-88D6-4A9E-9E12-AE3F79C32E3D}
	EndGlobalSection
EndGlobal
